
Microsoft Visual Studio Solution File, Format Version 11.00
# Visual Studio 2010
Project("{FAE04EC0-301F-11D3-BF4B-00C04F79EFBC}") = "FlagsWP7", "FlagsWP7\FlagsWP7.csproj", "{BF1FB83B-B325-4773-8111-09E75A40B8C5}"
EndProject
Project("{FAE04EC0-301F-11D3-BF4B-00C04F79EFBC}") = "FlagsWPF", "FlagsWPF\FlagsWPF.csproj", "{D4C68617-CACD-48B2-8E60-4DC4CDD7AA9D}"
EndProject
Project("{FAE04EC0-301F-11D3-BF4B-00C04F79EFBC}") = "FlagsSL", "FlagsSL\FlagsSL.csproj", "{6C556510-74EA-4AC1-8E68-AE5DFE68476B}"
EndProject
Global
	GlobalSection(SolutionConfigurationPlatforms) = preSolution
		Debug Trial|Any CPU = Debug Trial|Any CPU
		Debug|Any CPU = Debug|Any CPU
		Release|Any CPU = Release|Any CPU
	EndGlobalSection
	GlobalSection(ProjectConfigurationPlatforms) = postSolution
		{BF1FB83B-B325-4773-8111-09E75A40B8C5}.Debug Trial|Any CPU.ActiveCfg = Debug Trial|Any CPU
		{BF1FB83B-B325-4773-8111-09E75A40B8C5}.Debug Trial|Any CPU.Build.0 = Debug Trial|Any CPU
		{BF1FB83B-B325-4773-8111-09E75A40B8C5}.Debug Trial|Any CPU.Deploy.0 = Debug Trial|Any CPU
		{BF1FB83B-B325-4773-8111-09E75A40B8C5}.Debug|Any CPU.ActiveCfg = Debug|Any CPU
		{BF1FB83B-B325-4773-8111-09E75A40B8C5}.Debug|Any CPU.Build.0 = Debug|Any CPU
		{BF1FB83B-B325-4773-8111-09E75A40B8C5}.Debug|Any CPU.Deploy.0 = Debug|Any CPU
		{BF1FB83B-B325-4773-8111-09E75A40B8C5}.Release|Any CPU.ActiveCfg = Release|Any CPU
		{BF1FB83B-B325-4773-8111-09E75A40B8C5}.Release|Any CPU.Build.0 = Release|Any CPU
		{BF1FB83B-B325-4773-8111-09E75A40B8C5}.Release|Any CPU.Deploy.0 = Release|Any CPU
		{D4C68617-CACD-48B2-8E60-4DC4CDD7AA9D}.Debug Trial|Any CPU.ActiveCfg = Debug Trial|Any CPU
		{D4C68617-CACD-48B2-8E60-4DC4CDD7AA9D}.Debug Trial|Any CPU.Build.0 = Debug Trial|Any CPU
		{D4C68617-CACD-48B2-8E60-4DC4CDD7AA9D}.Debug|Any CPU.ActiveCfg = Debug|Any CPU
		{D4C68617-CACD-48B2-8E60-4DC4CDD7AA9D}.Debug|Any CPU.Build.0 = Debug|Any CPU
		{D4C68617-CACD-48B2-8E60-4DC4CDD7AA9D}.Release|Any CPU.ActiveCfg = Release|Any CPU
		{D4C68617-CACD-48B2-8E60-4DC4CDD7AA9D}.Release|Any CPU.Build.0 = Release|Any CPU
		{6C556510-74EA-4AC1-8E68-AE5DFE68476B}.Debug Trial|Any CPU.ActiveCfg = Debug|Any CPU
		{6C556510-74EA-4AC1-8E68-AE5DFE68476B}.Debug|Any CPU.ActiveCfg = Debug|Any CPU
		{6C556510-74EA-4AC1-8E68-AE5DFE68476B}.Debug|Any CPU.Build.0 = Debug|Any CPU
		{6C556510-74EA-4AC1-8E68-AE5DFE68476B}.Release|Any CPU.ActiveCfg = Release|Any CPU
		{6C556510-74EA-4AC1-8E68-AE5DFE68476B}.Release|Any CPU.Build.0 = Release|Any CPU
	EndGlobalSection
	GlobalSection(SolutionProperties) = preSolution
		HideSolutionNode = FALSE
	EndGlobalSection
EndGlobal
